{
  "requires": true,
  "lockfileVersion": 1,
  "dependencies": {
    "@babel/runtime": {
      "version": "7.29.2",
      "resolved": "https://registry.npmjs.org/@babel/runtime/-/runtime-7.29.2.tgz",
      "integrity": "sha512-JiDShH45zKHWyGe4ZNVRrCjBz8Nh9TMmZG1kh4QTK8hCBTWBi8Da+i7s1fJw7/lYpM4ccepSNfqzZ/QvABBi5g=="
    },
    "@cloudbase/adapter-interface": {
      "version": "0.7.1",
      "resolved": "https://registry.npmjs.org/@cloudbase/adapter-interface/-/adapter-interface-0.7.1.tgz",
      "integrity": "sha512-BjHTAvIMSLxbp26SeT6qLiSSBygz3kAVno/PMwwBwjgzVkVUvuZGVcvf1mhHxY/BjdRGLrd6X60OgvymV/aAUw=="
    },
    "@cloudbase/adapter-wx_mp": {
      "version": "1.3.1",
      "resolved": "https://registry.npmjs.org/@cloudbase/adapter-wx_mp/-/adapter-wx_mp-1.3.1.tgz",
      "integrity": "sha512-rS0N1aD1a0zc421ds17/HzM4RChQ6T2ixMz87bhPJ1yveqJt/KUqYxiXJDWhZ803wwTmJs8aqNkgugsNusNhbg==",
      "requires": {
        "@cloudbase/adapter-interface": "^0.7.0",
        "web-streams-polyfill": "^4.0.0"
      }
    },
    "@cloudbase/wx-cloud-client-sdk": {
      "version": "1.8.8",
      "requires": {
        "@cloudbase/adapter-wx_mp": "^1.2.1",
        "core-js-pure": "^3.45.0"
      }
    },
    "core-js-pure": {
      "version": "3.49.0",
      "resolved": "https://registry.npmjs.org/core-js-pure/-/core-js-pure-3.49.0.tgz",
      "integrity": "sha512-XM4RFka59xATyJv/cS3O3Kml72hQXUeGRuuTmMYFxwzc9/7C8OYTaIR/Ji+Yt8DXzsFLNhat15cE/JP15HrCgw=="
    },
    "web-streams-polyfill": {
      "version": "4.3.0",
      "resolved": "https://registry.npmjs.org/web-streams-polyfill/-/web-streams-polyfill-4.3.0.tgz",
      "integrity": "sha512-/Gnggvj9oSrEvJbDyyPtAnxBt5fGQM2iWOKQNu7ie1OxDgK40iZpyV3TKaRiEzVj1oA1UxKnEy9XPXh6PW3eVw=="
    }
  }
}
